// !$*UTF8*$!
{
	archiveVersion = 1;
	classes = {
	};
	objectVersion = 56;
	objects = {

/* Begin PBXBuildFile section */
		B438B19129D9B356006B0CFB /* RecipeAppApp.swift in Sources */ = {isa = PBXBuildFile; fileRef = B438B19029D9B356006B0CFB /* RecipeAppApp.swift */; };
		B438B19329D9B356006B0CFB /* ContentView.swift in Sources */ = {isa = PBXBuildFile; fileRef = B438B19229D9B356006B0CFB /* ContentView.swift */; };
		B438B19529D9B357006B0CFB /* Assets.xcassets in Resources */ = {isa = PBXBuildFile; fileRef = B438B19429D9B357006B0CFB /* Assets.xcassets */; };
		B438B19829D9B357006B0CFB /* Preview Assets.xcassets in Resources */ = {isa = PBXBuildFile; fileRef = B438B19729D9B357006B0CFB /* Preview Assets.xcassets */; };
		B438B1A229D9B358006B0CFB /* RecipeAppTests.swift in Sources */ = {isa = PBXBuildFile; fileRef = B438B1A129D9B358006B0CFB /* RecipeAppTests.swift */; };
		B438B1AC29D9B358006B0CFB /* RecipeAppUITests.swift in Sources */ = {isa = PBXBuildFile; fileRef = B438B1AB29D9B358006B0CFB /* RecipeAppUITests.swift */; };
		B438B1AE29D9B358006B0CFB /* RecipeAppUITestsLaunchTests.swift in Sources */ = {isa = PBXBuildFile; fileRef = B438B1AD29D9B358006B0CFB /* RecipeAppUITestsLaunchTests.swift */; };
		B438B1C129D9B3BF006B0CFB /* RecipeService.swift in Sources */ = {isa = PBXBuildFile; fileRef = B438B1C029D9B3BF006B0CFB /* RecipeService.swift */; };
		B438B1C329D9B605006B0CFB /* RecipeModel.swift in Sources */ = {isa = PBXBuildFile; fileRef = B438B1C229D9B605006B0CFB /* RecipeModel.swift */; };
		B438B1C529D9B785006B0CFB /* IngridentsViewModel.swift in Sources */ = {isa = PBXBuildFile; fileRef = B438B1C429D9B785006B0CFB /* IngridentsViewModel.swift */; };
/* End PBXBuildFile section */

/* Begin PBXContainerItemProxy section */
		B438B19E29D9B358006B0CFB /* PBXContainerItemProxy */ = {
			isa = PBXContainerItemProxy;
			containerPortal = B438B18529D9B356006B0CFB /* Project object */;
			proxyType = 1;
			remoteGlobalIDString = B438B18C29D9B356006B0CFB;
			remoteInfo = RecipeApp;
		};
		B438B1A829D9B358006B0CFB /* PBXContainerItemProxy */ = {
			isa = PBXContainerItemProxy;
			containerPortal = B438B18529D9B356006B0CFB /* Project object */;
			proxyType = 1;
			remoteGlobalIDString = B438B18C29D9B356006B0CFB;
			remoteInfo = RecipeApp;
		};
/* End PBXContainerItemProxy section */

/* Begin PBXFileReference section */
		B438B18D29D9B356006B0CFB /* RecipeApp.app */ = {isa = PBXFileReference; explicitFileType = wrapper.application; includeInIndex = 0; path = RecipeApp.app; sourceTree = BUILT_PRODUCTS_DIR; };
		B438B19029D9B356006B0CFB /* RecipeAppApp.swift */ = {isa = PBXFileReference; lastKnownFileType = sourcecode.swift; path = RecipeAppApp.swift; sourceTree = "<group>"; };
		B438B19229D9B356006B0CFB /* ContentView.swift */ = {isa = PBXFileReference; lastKnownFileType = sourcecode.swift; path = ContentView.swift; sourceTree = "<group>"; };
		B438B19429D9B357006B0CFB /* Assets.xcassets */ = {isa = PBXFileReference; lastKnownFileType = folder.assetcatalog; path = Assets.xcassets; sourceTree = "<group>"; };
		B438B19729D9B357006B0CFB /* Preview Assets.xcassets */ = {isa = PBXFileReference; lastKnownFileType = folder.assetcatalog; path = "Preview Assets.xcassets"; sourceTree = "<group>"; };
		B438B19D29D9B358006B0CFB /* RecipeAppTests.xctest */ = {isa = PBXFileReference; explicitFileType = wrapper.cfbundle; includeInIndex = 0; path = RecipeAppTests.xctest; sourceTree = BUILT_PRODUCTS_DIR; };
		B438B1A129D9B358006B0CFB /* RecipeAppTests.swift */ = {isa = PBXFileReference; lastKnownFileType = sourcecode.swift; path = RecipeAppTests.swift; sourceTree = "<group>"; };
		B438B1A729D9B358006B0CFB /* RecipeAppUITests.xctest */ = {isa = PBXFileReference; explicitFileType = wrapper.cfbundle; includeInIndex = 0; path = RecipeAppUITests.xctest; sourceTree = BUILT_PRODUCTS_DIR; };
		B438B1AB29D9B358006B0CFB /* RecipeAppUITests.swift */ = {isa = PBXFileReference; lastKnownFileType = sourcecode.swift; path = RecipeAppUITests.swift; sourceTree = "<group>"; };
		B438B1AD29D9B358006B0CFB /* RecipeAppUITestsLaunchTests.swift */ = {isa = PBXFileReference; lastKnownFileType = sourcecode.swift; path = RecipeAppUITestsLaunchTests.swift; sourceTree = "<group>"; };
		B438B1C029D9B3BF006B0CFB /* RecipeService.swift */ = {isa = PBXFileReference; lastKnownFileType = sourcecode.swift; path = RecipeService.swift; sourceTree = "<group>"; };
		B438B1C229D9B605006B0CFB /* RecipeModel.swift */ = {isa = PBXFileReference; lastKnownFileType = sourcecode.swift; path = RecipeModel.swift; sourceTree = "<group>"; };
		B438B1C429D9B785006B0CFB /* IngridentsViewModel.swift */ = {isa = PBXFileReference; lastKnownFileType = sourcecode.swift; path = IngridentsViewModel.swift; sourceTree = "<group>"; };
/* End PBXFileReference section */

/* Begin PBXFrameworksBuildPhase section */
		B438B18A29D9B356006B0CFB /* Frameworks */ = {
			isa = PBXFrameworksBuildPhase;
			buildActionMask = 2147483647;
			files = (
			);
			runOnlyForDeploymentPostprocessing = 0;
		};
		B438B19A29D9B358006B0CFB /* Frameworks */ = {
			isa = PBXFrameworksBuildPhase;
			buildActionMask = 2147483647;
			files = (
			);
			runOnlyForDeploymentPostprocessing = 0;
		};
		B438B1A429D9B358006B0CFB /* Frameworks */ = {
			isa = PBXFrameworksBuildPhase;
			buildActionMask = 2147483647;
			files = (
			);
			runOnlyForDeploymentPostprocessing = 0;
		};
/* End PBXFrameworksBuildPhase section */

/* Begin PBXGroup section */
		B438B18429D9B356006B0CFB = {
			isa = PBXGroup;
			children = (
				B438B18F29D9B356006B0CFB /* RecipeApp */,
				B438B1A029D9B358006B0CFB /* RecipeAppTests */,
				B438B1AA29D9B358006B0CFB /* RecipeAppUITests */,
				B438B18E29D9B356006B0CFB /* Products */,
			);
			sourceTree = "<group>";
		};
		B438B18E29D9B356006B0CFB /* Products */ = {
			isa = PBXGroup;
			children = (
				B438B18D29D9B356006B0CFB /* RecipeApp.app */,
				B438B19D29D9B358006B0CFB /* RecipeAppTests.xctest */,
				B438B1A729D9B358006B0CFB /* RecipeAppUITests.xctest */,
			);
			name = Products;
			sourceTree = "<group>";
		};
		B438B18F29D9B356006B0CFB /* RecipeApp */ = {
			isa = PBXGroup;
			children = (
				B438B1BE29D9B374006B0CFB /* Consants */,
				B438B1BD29D9B36E006B0CFB /* Service */,
				B438B1BC29D9B369006B0CFB /* ViewModel */,
				B438B1BB29D9B364006B0CFB /* View */,
				B438B1BA29D9B35F006B0CFB /* Model */,
				B438B19029D9B356006B0CFB /* RecipeAppApp.swift */,
				B438B1BF29D9B38D006B0CFB /* Iphone */,
				B438B19429D9B357006B0CFB /* Assets.xcassets */,
				B438B19629D9B357006B0CFB /* Preview Content */,
			);
			path = RecipeApp;
			sourceTree = "<group>";
		};
		B438B19629D9B357006B0CFB /* Preview Content */ = {
			isa = PBXGroup;
			children = (
				B438B19729D9B357006B0CFB /* Preview Assets.xcassets */,
			);
			path = "Preview Content";
			sourceTree = "<group>";
		};
		B438B1A029D9B358006B0CFB /* RecipeAppTests */ = {
			isa = PBXGroup;
			children = (
				B438B1A129D9B358006B0CFB /* RecipeAppTests.swift */,
			);
			path = RecipeAppTests;
			sourceTree = "<group>";
		};
		B438B1AA29D9B358006B0CFB /* RecipeAppUITests */ = {
			isa = PBXGroup;
			children = (
				B438B1AB29D9B358006B0CFB /* RecipeAppUITests.swift */,
				B438B1AD29D9B358006B0CFB /* RecipeAppUITestsLaunchTests.swift */,
			);
			path = RecipeAppUITests;
			sourceTree = "<group>";
		};
		B438B1BA29D9B35F006B0CFB /* Model */ = {
			isa = PBXGroup;
			children = (
				B438B1C229D9B605006B0CFB /* RecipeModel.swift */,
			);
			path = Model;
			sourceTree = "<group>";
		};
		B438B1BB29D9B364006B0CFB /* View */ = {
			isa = PBXGroup;
			children = (
			);
			path = View;
			sourceTree = "<group>";
		};
		B438B1BC29D9B369006B0CFB /* ViewModel */ = {
			isa = PBXGroup;
			children = (
				B438B1C429D9B785006B0CFB /* IngridentsViewModel.swift */,
			);
			path = ViewModel;
			sourceTree = "<group>";
		};
		B438B1BD29D9B36E006B0CFB /* Service */ = {
			isa = PBXGroup;
			children = (
				B438B1C029D9B3BF006B0CFB /* RecipeService.swift */,
			);
			path = Service;
			sourceTree = "<group>";
		};
		B438B1BE29D9B374006B0CFB /* Consants */ = {
			isa = PBXGroup;
			children = (
			);
			path = Consants;
			sourceTree = "<group>";
		};
		B438B1BF29D9B38D006B0CFB /* Iphone */ = {
			isa = PBXGroup;
			children = (
				B438B19229D9B356006B0CFB /* ContentView.swift */,
			);
			path = Iphone;
			sourceTree = "<group>";
		};
/* End PBXGroup section */

/* Begin PBXNativeTarget section */
		B438B18C29D9B356006B0CFB /* RecipeApp */ = {
			isa = PBXNativeTarget;
			buildConfigurationList = B438B1B129D9B358006B0CFB /* Build configuration list for PBXNativeTarget "RecipeApp" */;
			buildPhases = (
				B438B18929D9B356006B0CFB /* Sources */,
				B438B18A29D9B356006B0CFB /* Frameworks */,
				B438B18B29D9B356006B0CFB /* Resources */,
			);
			buildRules = (
			);
			dependencies = (
			);
			name = RecipeApp;
			productName = RecipeApp;
			productReference = B438B18D29D9B356006B0CFB /* RecipeApp.app */;
			productType = "com.apple.product-type.application";
		};
		B438B19C29D9B358006B0CFB /* RecipeAppTests */ = {
			isa = PBXNativeTarget;
			buildConfigurationList = B438B1B429D9B358006B0CFB /* Build configuration list for PBXNativeTarget "RecipeAppTests" */;
			buildPhases = (
				B438B19929D9B358006B0CFB /* Sources */,
				B438B19A29D9B358006B0CFB /* Frameworks */,
				B438B19B29D9B358006B0CFB /* Resources */,
			);
			buildRules = (
			);
			dependencies = (
				B438B19F29D9B358006B0CFB /* PBXTargetDependency */,
			);
			name = RecipeAppTests;
			productName = RecipeAppTests;
			productReference = B438B19D29D9B358006B0CFB /* RecipeAppTests.xctest */;
			productType = "com.apple.product-type.bundle.unit-test";
		};
		B438B1A629D9B358006B0CFB /* RecipeAppUITests */ = {
			isa = PBXNativeTarget;
			buildConfigurationList = B438B1B729D9B358006B0CFB /* Build configuration list for PBXNativeTarget "RecipeAppUITests" */;
			buildPhases = (
				B438B1A329D9B358006B0CFB /* Sources */,
				B438B1A429D9B358006B0CFB /* Frameworks */,
				B438B1A529D9B358006B0CFB /* Resources */,
			);
			buildRules = (
			);
			dependencies = (
				B438B1A929D9B358006B0CFB /* PBXTargetDependency */,
			);
			name = RecipeAppUITests;
			productName = RecipeAppUITests;
			productReference = B438B1A729D9B358006B0CFB /* RecipeAppUITests.xctest */;
			productType = "com.apple.product-type.bundle.ui-testing";
		};
/* End PBXNativeTarget section */

/* Begin PBXProject section */
		B438B18529D9B356006B0CFB /* Project object */ = {
			isa = PBXProject;
			attributes = {
				BuildIndependentTargetsInParallel = 1;
				LastSwiftUpdateCheck = 1410;
				LastUpgradeCheck = 1410;
				TargetAttributes = {
					B438B18C29D9B356006B0CFB = {
						CreatedOnToolsVersion = 14.1;
					};
					B438B19C29D9B358006B0CFB = {
						CreatedOnToolsVersion = 14.1;
						TestTargetID = B438B18C29D9B356006B0CFB;
					};
					B438B1A629D9B358006B0CFB = {
						CreatedOnToolsVersion = 14.1;
						TestTargetID = B438B18C29D9B356006B0CFB;
					};
				};
			};
			buildConfigurationList = B438B18829D9B356006B0CFB /* Build configuration list for PBXProject "RecipeApp" */;
			compatibilityVersion = "Xcode 14.0";
			developmentRegion = en;
			hasScannedForEncodings = 0;
			knownRegions = (
				en,
				Base,
			);
			mainGroup = B438B18429D9B356006B0CFB;
			productRefGroup = B438B18E29D9B356006B0CFB /* Products */;
			projectDirPath = "";
			projectRoot = "";
			targets = (
				B438B18C29D9B356006B0CFB /* RecipeApp */,
				B438B19C29D9B358006B0CFB /* RecipeAppTests */,
				B438B1A629D9B358006B0CFB /* RecipeAppUITests */,
			);
		};
/* End PBXProject section */

/* Begin PBXResourcesBuildPhase section */
		B438B18B29D9B356006B0CFB /* Resources */ = {
			isa = PBXResourcesBuildPhase;
			buildActionMask = 2147483647;
			files = (
				B438B19829D9B357006B0CFB /* Preview Assets.xcassets in Resources */,
				B438B19529D9B357006B0CFB /* Assets.xcassets in Resources */,
			);
			runOnlyForDeploymentPostprocessing = 0;
		};
		B438B19B29D9B358006B0CFB /* Resources */ = {
			isa = PBXResourcesBuildPhase;
			buildActionMask = 2147483647;
			files = (
			);
			runOnlyForDeploymentPostprocessing = 0;
		};
		B438B1A529D9B358006B0CFB /* Resources */ = {
			isa = PBXResourcesBuildPhase;
			buildActionMask = 2147483647;
			files = (
			);
			runOnlyForDeploymentPostprocessing = 0;
		};
/* End PBXResourcesBuildPhase section */

/* Begin PBXSourcesBuildPhase section */
		B438B18929D9B356006B0CFB /* Sources */ = {
			isa = PBXSourcesBuildPhase;
			buildActionMask = 2147483647;
			files = (
				B438B19329D9B356006B0CFB /* ContentView.swift in Sources */,
				B438B1C329D9B605006B0CFB /* RecipeModel.swift in Sources */,
				B438B1C529D9B785006B0CFB /* IngridentsViewModel.swift in Sources */,
				B438B1C129D9B3BF006B0CFB /* RecipeService.swift in Sources */,
				B438B19129D9B356006B0CFB /* RecipeAppApp.swift in Sources */,
			);
			runOnlyForDeploymentPostprocessing = 0;
		};
		B438B19929D9B358006B0CFB /* Sources */ = {
			isa = PBXSourcesBuildPhase;
			buildActionMask = 2147483647;
			files = (
				B438B1A229D9B358006B0CFB /* RecipeAppTests.swift in Sources */,
			);
			runOnlyForDeploymentPostprocessing = 0;
		};
		B438B1A329D9B358006B0CFB /* Sources */ = {
			isa = PBXSourcesBuildPhase;
			buildActionMask = 2147483647;
			files = (
				B438B1AE29D9B358006B0CFB /* RecipeAppUITestsLaunchTests.swift in Sources */,
				B438B1AC29D9B358006B0CFB /* RecipeAppUITests.swift in Sources */,
			);
			runOnlyForDeploymentPostprocessing = 0;
		};
/* End PBXSourcesBuildPhase section */

/* Begin PBXTargetDependency section */
		B438B19F29D9B358006B0CFB /* PBXTargetDependency */ = {
			isa = PBXTargetDependency;
			target = B438B18C29D9B356006B0CFB /* RecipeApp */;
			targetProxy = B438B19E29D9B358006B0CFB /* PBXContainerItemProxy */;
		};
		B438B1A929D9B358006B0CFB /* PBXTargetDependency */ = {
			isa = PBXTargetDependency;
			target = B438B18C29D9B356006B0CFB /* RecipeApp */;
			targetProxy = B438B1A829D9B358006B0CFB /* PBXContainerItemProxy */;
		};
/* End PBXTargetDependency section */

/* Begin XCBuildConfiguration section */
		B438B1AF29D9B358006B0CFB /* Debug */ = {
			isa = XCBuildConfiguration;
			buildSettings = {
				ALWAYS_SEARCH_USER_PATHS = NO;
				CLANG_ANALYZER_NONNULL = YES;
				CLANG_ANALYZER_NUMBER_OBJECT_CONVERSION = YES_AGGRESSIVE;
				CLANG_CXX_LANGUAGE_STANDARD = "gnu++20";
				CLANG_ENABLE_MODULES = YES;
				CLANG_ENABLE_OBJC_ARC = YES;
				CLANG_ENABLE_OBJC_WEAK = YES;
				CLANG_WARN_BLOCK_CAPTURE_AUTORELEASING = YES;
				CLANG_WARN_BOOL_CONVERSION = YES;
				CLANG_WARN_COMMA = YES;
				CLANG_WARN_CONSTANT_CONVERSION = YES;
				CLANG_WARN_DEPRECATED_OBJC_IMPLEMENTATIONS = YES;
				CLANG_WARN_DIRECT_OBJC_ISA_USAGE = YES_ERROR;
				CLANG_WARN_DOCUMENTATION_COMMENTS = YES;
				CLANG_WARN_EMPTY_BODY = YES;
				CLANG_WARN_ENUM_CONVERSION = YES;
				CLANG_WARN_INFINITE_RECURSION = YES;
				CLANG_WARN_INT_CONVERSION = YES;
				CLANG_WARN_NON_LITERAL_NULL_CONVERSION = YES;
				CLANG_WARN_OBJC_IMPLICIT_RETAIN_SELF = YES;
				CLANG_WARN_OBJC_LITERAL_CONVERSION = YES;
				CLANG_WARN_OBJC_ROOT_CLASS = YES_ERROR;
				CLANG_WARN_QUOTED_INCLUDE_IN_FRAMEWORK_HEADER = YES;
				CLANG_WARN_RANGE_LOOP_ANALYSIS = YES;
				CLANG_WARN_STRICT_PROTOTYPES = YES;
				CLANG_WARN_SUSPICIOUS_MOVE = YES;
				CLANG_WARN_UNGUARDED_AVAILABILITY = YES_AGGRESSIVE;
				CLANG_WARN_UNREACHABLE_CODE = YES;
				CLANG_WARN__DUPLICATE_METHOD_MATCH = YES;
				COPY_PHASE_STRIP = NO;
				DEBUG_INFORMATION_FORMAT = dwarf;
				ENABLE_STRICT_OBJC_MSGSEND = YES;
				ENABLE_TESTABILITY = YES;
				GCC_C_LANGUAGE_STANDARD = gnu11;
				GCC_DYNAMIC_NO_PIC = NO;
				GCC_NO_COMMON_BLOCKS = YES;
				GCC_OPTIMIZATION_LEVEL = 0;
				GCC_PREPROCESSOR_DEFINITIONS = (
					"DEBUG=1",
					"$(inherited)",
				);
				GCC_WARN_64_TO_32_BIT_CONVERSION = YES;
				GCC_WARN_ABOUT_RETURN_TYPE = YES_ERROR;
				GCC_WARN_UNDECLARED_SELECTOR = YES;
				GCC_WARN_UNINITIALIZED_AUTOS = YES_AGGRESSIVE;
				GCC_WARN_UNUSED_FUNCTION = YES;
				GCC_WARN_UNUSED_VARIABLE = YES;
				IPHONEOS_DEPLOYMENT_TARGET = 16.1;
				MTL_ENABLE_DEBUG_INFO = INCLUDE_SOURCE;
				MTL_FAST_MATH = YES;
				ONLY_ACTIVE_ARCH = YES;
				SDKROOT = iphoneos;
				SWIFT_ACTIVE_COMPILATION_CONDITIONS = DEBUG;
				SWIFT_OPTIMIZATION_LEVEL = "-Onone";
			};
			name = Debug;
		};
		B438B1B029D9B358006B0CFB /* Release */ = {
			isa = XCBuildConfiguration;
			buildSettings = {
				ALWAYS_SEARCH_USER_PATHS = NO;
				CLANG_ANALYZER_NONNULL = YES;
				CLANG_ANALYZER_NUMBER_OBJECT_CONVERSION = YES_AGGRESSIVE;
				CLANG_CXX_LANGUAGE_STANDARD = "gnu++20";
				CLANG_ENABLE_MODULES = YES;
				CLANG_ENABLE_OBJC_ARC = YES;
				CLANG_ENABLE_OBJC_WEAK = YES;
				CLANG_WARN_BLOCK_CAPTURE_AUTORELEASING = YES;
				CLANG_WARN_BOOL_CONVERSION = YES;
				CLANG_WARN_COMMA = YES;
				CLANG_WARN_CONSTANT_CONVERSION = YES;
				CLANG_WARN_DEPRECATED_OBJC_IMPLEMENTATIONS = YES;
				CLANG_WARN_DIRECT_OBJC_ISA_USAGE = YES_ERROR;
				CLANG_WARN_DOCUMENTATION_COMMENTS = YES;
				CLANG_WARN_EMPTY_BODY = YES;
				CLANG_WARN_ENUM_CONVERSION = YES;
				CLANG_WARN_INFINITE_RECURSION = YES;
				CLANG_WARN_INT_CONVERSION = YES;
				CLANG_WARN_NON_LITERAL_NULL_CONVERSION = YES;
				CLANG_WARN_OBJC_IMPLICIT_RETAIN_SELF = YES;
				CLANG_WARN_OBJC_LITERAL_CONVERSION = YES;
				CLANG_WARN_OBJC_ROOT_CLASS = YES_ERROR;
				CLANG_WARN_QUOTED_INCLUDE_IN_FRAMEWORK_HEADER = YES;
				CLANG_WARN_RANGE_LOOP_ANALYSIS = YES;
				CLANG_WARN_STRICT_PROTOTYPES = YES;
				CLANG_WARN_SUSPICIOUS_MOVE = YES;
				CLANG_WARN_UNGUARDED_AVAILABILITY = YES_AGGRESSIVE;
				CLANG_WARN_UNREACHABLE_CODE = YES;
				CLANG_WARN__DUPLICATE_METHOD_MATCH = YES;
				COPY_PHASE_STRIP = NO;
				DEBUG_INFORMATION_FORMAT = "dwarf-with-dsym";
				ENABLE_NS_ASSERTIONS = NO;
				ENABLE_STRICT_OBJC_MSGSEND = YES;
				GCC_C_LANGUAGE_STANDARD = gnu11;
				GCC_NO_COMMON_BLOCKS = YES;
				GCC_WARN_64_TO_32_BIT_CONVERSION = YES;
				GCC_WARN_ABOUT_RETURN_TYPE = YES_ERROR;
				GCC_WARN_UNDECLARED_SELECTOR = YES;
				GCC_WARN_UNINITIALIZED_AUTOS = YES_AGGRESSIVE;
				GCC_WARN_UNUSED_FUNCTION = YES;
				GCC_WARN_UNUSED_VARIABLE = YES;
				IPHONEOS_DEPLOYMENT_TARGET = 16.1;
				MTL_ENABLE_DEBUG_INFO = NO;
				MTL_FAST_MATH = YES;
				SDKROOT = iphoneos;
				SWIFT_COMPILATION_MODE = wholemodule;
				SWIFT_OPTIMIZATION_LEVEL = "-O";
				VALIDATE_PRODUCT = YES;
			};
			name = Release;
		};
		B438B1B229D9B358006B0CFB /* Debug */ = {
			isa = XCBuildConfiguration;
			buildSettings = {
				ASSETCATALOG_COMPILER_APPICON_NAME = AppIcon;
				ASSETCATALOG_COMPILER_GLOBAL_ACCENT_COLOR_NAME = AccentColor;
				CODE_SIGN_STYLE = Automatic;
				CURRENT_PROJECT_VERSION = 1;
				DEVELOPMENT_ASSET_PATHS = "\"RecipeApp/Preview Content\"";
				DEVELOPMENT_TEAM = ZX75863J6A;
				ENABLE_PREVIEWS = YES;
				GENERATE_INFOPLIST_FILE = YES;
				INFOPLIST_KEY_UIApplicationSceneManifest_Generation = YES;
				INFOPLIST_KEY_UIApplicationSupportsIndirectInputEvents = YES;
				INFOPLIST_KEY_UILaunchScreen_Generation = YES;
				INFOPLIST_KEY_UISupportedInterfaceOrientations_iPad = "UIInterfaceOrientationPortrait UIInterfaceOrientationPortraitUpsideDown UIInterfaceOrientationLandscapeLeft UIInterfaceOrientationLandscapeRight";
				INFOPLIST_KEY_UISupportedInterfaceOrientations_iPhone = "UIInterfaceOrientationPortrait UIInterfaceOrientationLandscapeLeft UIInterfaceOrientationLandscapeRight";
				LD_RUNPATH_SEARCH_PATHS = (
					"$(inherited)",
					"@executable_path/Frameworks",
				);
				MARKETING_VERSION = 1.0;
				PRODUCT_BUNDLE_IDENTIFIER = com.testingBerkat.RecipeApp;
				PRODUCT_NAME = "$(TARGET_NAME)";
				SWIFT_EMIT_LOC_STRINGS = YES;
				SWIFT_VERSION = 5.0;
				TARGETED_DEVICE_FAMILY = "1,2";
			};
			name = Debug;
		};
		B438B1B329D9B358006B0CFB /* Release */ = {
			isa = XCBuildConfiguration;
			buildSettings = {
				ASSETCATALOG_COMPILER_APPICON_NAME = AppIcon;
				ASSETCATALOG_COMPILER_GLOBAL_ACCENT_COLOR_NAME = AccentColor;
				CODE_SIGN_STYLE = Automatic;
				CURRENT_PROJECT_VERSION = 1;
				DEVELOPMENT_ASSET_PATHS = "\"RecipeApp/Preview Content\"";
				DEVELOPMENT_TEAM = ZX75863J6A;
				ENABLE_PREVIEWS = YES;
				GENERATE_INFOPLIST_FILE = YES;
				INFOPLIST_KEY_UIApplicationSceneManifest_Generation = YES;
				INFOPLIST_KEY_UIApplicationSupportsIndirectInputEvents = YES;
				INFOPLIST_KEY_UILaunchScreen_Generation = YES;
				INFOPLIST_KEY_UISupportedInterfaceOrientations_iPad = "UIInterfaceOrientationPortrait UIInterfaceOrientationPortraitUpsideDown UIInterfaceOrientationLandscapeLeft UIInterfaceOrientationLandscapeRight";
				INFOPLIST_KEY_UISupportedInterfaceOrientations_iPhone = "UIInterfaceOrientationPortrait UIInterfaceOrientationLandscapeLeft UIInterfaceOrientationLandscapeRight";
				LD_RUNPATH_SEARCH_PATHS = (
					"$(inherited)",
					"@executable_path/Frameworks",
				);
				MARKETING_VERSION = 1.0;
				PRODUCT_BUNDLE_IDENTIFIER = com.testingBerkat.RecipeApp;
				PRODUCT_NAME = "$(TARGET_NAME)";
				SWIFT_EMIT_LOC_STRINGS = YES;
				SWIFT_VERSION = 5.0;
				TARGETED_DEVICE_FAMILY = "1,2";
			};
			name = Release;
		};
		B438B1B529D9B358006B0CFB /* Debug */ = {
			isa = XCBuildConfiguration;
			buildSettings = {
				ALWAYS_EMBED_SWIFT_STANDARD_LIBRARIES = YES;
				BUNDLE_LOADER = "$(TEST_HOST)";
				CODE_SIGN_STYLE = Automatic;
				CURRENT_PROJECT_VERSION = 1;
				DEVELOPMENT_TEAM = ZX75863J6A;
				GENERATE_INFOPLIST_FILE = YES;
				IPHONEOS_DEPLOYMENT_TARGET = 16.1;
				MARKETING_VERSION = 1.0;
				PRODUCT_BUNDLE_IDENTIFIER = com.testingBerkat.RecipeAppTests;
				PRODUCT_NAME = "$(TARGET_NAME)";
				SWIFT_EMIT_LOC_STRINGS = NO;
				SWIFT_VERSION = 5.0;
				TARGETED_DEVICE_FAMILY = "1,2";
				TEST_HOST = "$(BUILT_PRODUCTS_DIR)/RecipeApp.app/$(BUNDLE_EXECUTABLE_FOLDER_PATH)/RecipeApp";
			};
			name = Debug;
		};
		B438B1B629D9B358006B0CFB /* Release */ = {
			isa = XCBuildConfiguration;
			buildSettings = {
				ALWAYS_EMBED_SWIFT_STANDARD_LIBRARIES = YES;
				BUNDLE_LOADER = "$(TEST_HOST)";
				CODE_SIGN_STYLE = Automatic;
				CURRENT_PROJECT_VERSION = 1;
				DEVELOPMENT_TEAM = ZX75863J6A;
				GENERATE_INFOPLIST_FILE = YES;
				IPHONEOS_DEPLOYMENT_TARGET = 16.1;
				MARKETING_VERSION = 1.0;
				PRODUCT_BUNDLE_IDENTIFIER = com.testingBerkat.RecipeAppTests;
				PRODUCT_NAME = "$(TARGET_NAME)";
				SWIFT_EMIT_LOC_STRINGS = NO;
				SWIFT_VERSION = 5.0;
				TARGETED_DEVICE_FAMILY = "1,2";
				TEST_HOST = "$(BUILT_PRODUCTS_DIR)/RecipeApp.app/$(BUNDLE_EXECUTABLE_FOLDER_PATH)/RecipeApp";
			};
			name = Release;
		};
		B438B1B829D9B358006B0CFB /* Debug */ = {
			isa = XCBuildConfiguration;
			buildSettings = {
				ALWAYS_EMBED_SWIFT_STANDARD_LIBRARIES = YES;
				CODE_SIGN_STYLE = Automatic;
				CURRENT_PROJECT_VERSION = 1;
				DEVELOPMENT_TEAM = ZX75863J6A;
				GENERATE_INFOPLIST_FILE = YES;
				MARKETING_VERSION = 1.0;
				PRODUCT_BUNDLE_IDENTIFIER = com.testingBerkat.RecipeAppUITests;
				PRODUCT_NAME = "$(TARGET_NAME)";
				SWIFT_EMIT_LOC_STRINGS = NO;
				SWIFT_VERSION = 5.0;
				TARGETED_DEVICE_FAMILY = "1,2";
				TEST_TARGET_NAME = RecipeApp;
			};
			name = Debug;
		};
		B438B1B929D9B358006B0CFB /* Release */ = {
			isa = XCBuildConfiguration;
			buildSettings = {
				ALWAYS_EMBED_SWIFT_STANDARD_LIBRARIES = YES;
				CODE_SIGN_STYLE = Automatic;
				CURRENT_PROJECT_VERSION = 1;
				DEVELOPMENT_TEAM = ZX75863J6A;
				GENERATE_INFOPLIST_FILE = YES;
				MARKETING_VERSION = 1.0;
				PRODUCT_BUNDLE_IDENTIFIER = com.testingBerkat.RecipeAppUITests;
				PRODUCT_NAME = "$(TARGET_NAME)";
				SWIFT_EMIT_LOC_STRINGS = NO;
				SWIFT_VERSION = 5.0;
				TARGETED_DEVICE_FAMILY = "1,2";
				TEST_TARGET_NAME = RecipeApp;
			};
			name = Release;
		};
/* End XCBuildConfiguration section */

/* Begin XCConfigurationList section */
		B438B18829D9B356006B0CFB /* Build configuration list for PBXProject "RecipeApp" */ = {
			isa = XCConfigurationList;
			buildConfigurations = (
				B438B1AF29D9B358006B0CFB /* Debug */,
				B438B1B029D9B358006B0CFB /* Release */,
			);
			defaultConfigurationIsVisible = 0;
			defaultConfigurationName = Release;
		};
		B438B1B129D9B358006B0CFB /* Build configuration list for PBXNativeTarget "RecipeApp" */ = {
			isa = XCConfigurationList;
			buildConfigurations = (
				B438B1B229D9B358006B0CFB /* Debug */,
				B438B1B329D9B358006B0CFB /* Release */,
			);
			defaultConfigurationIsVisible = 0;
			defaultConfigurationName = Release;
		};
		B438B1B429D9B358006B0CFB /* Build configuration list for PBXNativeTarget "RecipeAppTests" */ = {
			isa = XCConfigurationList;
			buildConfigurations = (
				B438B1B529D9B358006B0CFB /* Debug */,
				B438B1B629D9B358006B0CFB /* Release */,
			);
			defaultConfigurationIsVisible = 0;
			defaultConfigurationName = Release;
		};
		B438B1B729D9B358006B0CFB /* Build configuration list for PBXNativeTarget "RecipeAppUITests" */ = {
			isa = XCConfigurationList;
			buildConfigurations = (
				B438B1B829D9B358006B0CFB /* Debug */,
				B438B1B929D9B358006B0CFB /* Release */,
			);
			defaultConfigurationIsVisible = 0;
			defaultConfigurationName = Release;
		};
/* End XCConfigurationList section */
	};
	rootObject = B438B18529D9B356006B0CFB /* Project object */;
}
